<?xml version="1.0" encoding="utf-8"?>
<!-- Copyright (c) 2015-2019 LunarG, Inc. -->
<Project ToolsVersion="4.0" xmlns="http://schemas.microsoft.com/developer/msbuild/2003">
  <ItemGroup>
    <Filter Include="utilities">
      <UniqueIdentifier>{54b338c2-5dd3-4c12-a10e-007e2f150197}</UniqueIdentifier>
    </Filter>
    <Filter Include="utilities\imgui">
      <UniqueIdentifier>{ba5ce922-efcc-4f66-97c9-2c8c08162f9a}</UniqueIdentifier>
    </Filter>
    <Filter Include="ui">
      <UniqueIdentifier>{356219c1-6040-4e12-8154-1afbdd4003a9}</UniqueIdentifier>
    </Filter>
    <Filter Include="ui\components">
      <UniqueIdentifier>{8bc85d6e-66d6-4308-b0a6-5ad0b56d4dc3}</UniqueIdentifier>
    </Filter>
    <Filter Include="settings">
      <UniqueIdentifier>{8ca8cd78-f2f5-4835-a25c-f6218de9e280}</UniqueIdentifier>
    </Filter>
    <Filter Include="resources">
      <UniqueIdentifier>{d0600da9-c031-4195-aefd-252a60839e66}</UniqueIdentifier>
    </Filter>
    <Filter Include="utilities\cpp">
      <UniqueIdentifier>{c5dbd711-5cbb-4710-bceb-63c3bb27fba2}</UniqueIdentifier>
    </Filter>
    <Filter Include="utilities\controls">
      <UniqueIdentifier>{66d226e8-7b47-4839-b174-7caf06f3f453}</UniqueIdentifier>
    </Filter>
    <Filter Include="utilities\ivulkan">
      <UniqueIdentifier>{f28db430-aac1-486e-9b0e-304af099b442}</UniqueIdentifier>
    </Filter>
    <Filter Include="ui\dialogs">
      <UniqueIdentifier>{66257dbd-57fa-46ba-89f7-b79b1c8e0723}</UniqueIdentifier>
    </Filter>
    <Filter Include="ui\iconfonts">
      <UniqueIdentifier>{be11cb4a-9c17-4004-950b-1ddec40e2922}</UniqueIdentifier>
    </Filter>
    <Filter Include="resources\fonts">
      <UniqueIdentifier>{2557bce6-77ec-4916-90b8-760e718694fc}</UniqueIdentifier>
    </Filter>
  </ItemGroup>
  <ItemGroup>
    <ClCompile Include="main.cpp" />
    <ClCompile Include="utilities\imgui\imgui_draw.cpp">
      <Filter>utilities\imgui</Filter>
    </ClCompile>
    <ClCompile Include="utilities\imgui\imgui_widgets.cpp">
      <Filter>utilities\imgui</Filter>
    </ClCompile>
    <ClCompile Include="utilities\imgui\imgui.cpp">
      <Filter>utilities\imgui</Filter>
    </ClCompile>
    <ClCompile Include="utilities\imgui\imgui_demo.cpp">
      <Filter>utilities\imgui</Filter>
    </ClCompile>
    <ClCompile Include="utilities\imgui\imgui_impl_vulkan.cpp">
      <Filter>utilities\imgui</Filter>
    </ClCompile>
    <ClCompile Include="utilities\imgui\imgui_impl_sdl.cpp">
      <Filter>utilities\imgui</Filter>
    </ClCompile>
    <ClCompile Include="ui\UIManager.cpp">
      <Filter>ui</Filter>
    </ClCompile>
    <ClCompile Include="ui\components\Log.cpp">
      <Filter>ui\components</Filter>
    </ClCompile>
    <ClCompile Include="settings\Settings.cpp">
      <Filter>settings</Filter>
    </ClCompile>
    <ClCompile Include="utilities\cpp\CPPUtilities.cpp">
      <Filter>utilities\cpp</Filter>
    </ClCompile>
    <ClCompile Include="utilities\controls\ControlsManager.cpp">
      <Filter>utilities\controls</Filter>
    </ClCompile>
    <ClCompile Include="ui\dialogs\DialogStyle.cpp">
      <Filter>ui\dialogs</Filter>
    </ClCompile>
    <ClCompile Include="ui\dialogs\DialogOptions.cpp">
      <Filter>ui\dialogs</Filter>
    </ClCompile>
    <ClCompile Include="settings\ConfigUtils.cpp">
      <Filter>settings</Filter>
    </ClCompile>
    <ClCompile Include="settings\FontsList.cpp">
      <Filter>settings</Filter>
    </ClCompile>
    <ClCompile Include="Kuplung.cpp" />
  </ItemGroup>
  <ItemGroup>
    <ClInclude Include="utilities\imgui\imgui_internal.h">
      <Filter>utilities\imgui</Filter>
    </ClInclude>
    <ClInclude Include="utilities\imgui\imstb_rectpack.h">
      <Filter>utilities\imgui</Filter>
    </ClInclude>
    <ClInclude Include="utilities\imgui\imstb_textedit.h">
      <Filter>utilities\imgui</Filter>
    </ClInclude>
    <ClInclude Include="utilities\imgui\imstb_truetype.h">
      <Filter>utilities\imgui</Filter>
    </ClInclude>
    <ClInclude Include="utilities\imgui\imconfig.h">
      <Filter>utilities\imgui</Filter>
    </ClInclude>
    <ClInclude Include="utilities\imgui\imgui.h">
      <Filter>utilities\imgui</Filter>
    </ClInclude>
    <ClInclude Include="utilities\imgui\imgui_impl_sdl.h">
      <Filter>utilities\imgui</Filter>
    </ClInclude>
    <ClInclude Include="utilities\imgui\imgui_impl_vulkan.h">
      <Filter>utilities\imgui</Filter>
    </ClInclude>
    <ClInclude Include="ui\components\Log.h">
      <Filter>ui\components</Filter>
    </ClInclude>
    <ClInclude Include="settings\Settings.h">
      <Filter>settings</Filter>
    </ClInclude>
    <ClInclude Include="settings\SettingsStructs.h">
      <Filter>settings</Filter>
    </ClInclude>
    <ClInclude Include="utilities\cpp\CPPUtilities.h">
      <Filter>utilities\cpp</Filter>
    </ClInclude>
    <ClInclude Include="utilities\controls\ControlsManager.hpp">
      <Filter>utilities\controls</Filter>
    </ClInclude>
    <ClInclude Include="utilities\ivulkan\VulkanIncludes.h">
      <Filter>utilities\ivulkan</Filter>
    </ClInclude>
    <ClInclude Include="ui\dialogs\DialogStyle.hpp">
      <Filter>ui\dialogs</Filter>
    </ClInclude>
    <ClInclude Include="ui\dialogs\DialogOptions.hpp">
      <Filter>ui\dialogs</Filter>
    </ClInclude>
    <ClInclude Include="ui\iconfonts\IconsMaterialDesign.h">
      <Filter>ui\iconfonts</Filter>
    </ClInclude>
    <ClInclude Include="ui\iconfonts\IconsFontAwesome.h">
      <Filter>ui\iconfonts</Filter>
    </ClInclude>
    <ClInclude Include="settings\FontsList.hpp">
      <Filter>settings</Filter>
    </ClInclude>
    <ClInclude Include="settings\ConfigUtils.hpp">
      <Filter>settings</Filter>
    </ClInclude>
    <ClInclude Include="Kuplung.hpp" />
    <ClInclude Include="ui\UIManager.hpp">
      <Filter>ui</Filter>
    </ClInclude>
  </ItemGroup>
  <ItemGroup>
    <None Include="resources\KuplungVK_RecentFiles.ini">
      <Filter>resources</Filter>
    </None>
    <None Include="resources\KuplungVK_RecentFilesImported.ini">
      <Filter>resources</Filter>
    </None>
    <None Include="resources\KuplungVK_Settings.ini">
      <Filter>resources</Filter>
    </None>
    <None Include="resources\KuplungVK.icns">
      <Filter>resources</Filter>
    </None>
    <None Include="CODE_OF_CONDUCT.md" />
    <None Include="CONTRIBUTING.md" />
    <None Include="LICENSE.md" />
    <None Include="README.md" />
    <None Include=".gitignore" />
    <None Include=".editorconfig" />
  </ItemGroup>
  <ItemGroup>
    <Image Include="resources\KuplungVK.ico">
      <Filter>resources</Filter>
    </Image>
  </ItemGroup>
  <ItemGroup>
    <ResourceCompile Include="resources\kuplungVK.rc">
      <Filter>resources</Filter>
    </ResourceCompile>
  </ItemGroup>
  <ItemGroup>
    <Text Include="CMakeLists.txt" />
  </ItemGroup>
  <ItemGroup>
    <Font Include="resources\fonts\material-icons-regular.ttf">
      <Filter>resources\fonts</Filter>
    </Font>
    <Font Include="resources\fonts\fontawesome-webfont.ttf">
      <Filter>resources\fonts</Filter>
    </Font>
  </ItemGroup>
</Project>